<?xml version="1.0" encoding="utf-8"?>
<Project ToolsVersion="4.0" xmlns="http://schemas.microsoft.com/developer/msbuild/2003">
  <ItemGroup>
    <ClInclude Include="stdafx.h" />
    <ClInclude Include="targetver.h" />
    <ClInclude Include="Problems\Problems.h">
      <Filter>Problems</Filter>
    </ClInclude>
  </ItemGroup>
  <ItemGroup>
    <ClCompile Include="Problems.cpp" />
    <ClCompile Include="stdafx.cpp" />
    <ClCompile Include="Declarations.cpp" />
    <ClCompile Include="Problems\5.11_intersect_rectangle.cpp">
      <Filter>Problems</Filter>
    </ClCompile>
    <ClCompile Include="Problems\BubbleSort.cpp">
      <Filter>Problems</Filter>
    </ClCompile>
    <ClCompile Include="Solutions\BubbleSort_solution.cpp">
      <Filter>Solutions</Filter>
    </ClCompile>
    <ClCompile Include="Solutions\5.11_intersect_rectangle_solution.cpp">
      <Filter>Solutions</Filter>
    </ClCompile>
    <ClCompile Include="Solutions\5.5_multiply_shift_add_solution.cpp">
      <Filter>Solutions</Filter>
    </ClCompile>
    <ClCompile Include="Problems\5.5_multiply_shift_add.cpp">
      <Filter>Problems</Filter>
    </ClCompile>
    <ClCompile Include="Solutions\5.7_buy_and_sell_stock_twice_solution.cpp">
      <Filter>Solutions</Filter>
    </ClCompile>
    <ClCompile Include="Problems\5.7_buy_and_sell_stock_twice.cpp">
      <Filter>Problems</Filter>
    </ClCompile>
    <ClCompile Include="Problems\7.3_spreadsheet_encoding.cpp">
      <Filter>Problems</Filter>
    </ClCompile>
    <ClCompile Include="Solutions\7.3_spreadsheet_encoding_solution.cpp">
      <Filter>Solutions</Filter>
    </ClCompile>
    <ClCompile Include="Solutions\15.13_add_credits_solution.cpp">
      <Filter>Solutions</Filter>
    </ClCompile>
    <ClCompile Include="Problems\15.13_add_credits.cpp">
      <Filter>Problems</Filter>
    </ClCompile>
    <ClCompile Include="Problems\16.5_generate_all_subsets.cpp">
      <Filter>Problems</Filter>
    </ClCompile>
    <ClCompile Include="Solutions\16.5_generate_all_subsets_solution.cpp">
      <Filter>Solutions</Filter>
    </ClCompile>
    <ClCompile Include="Problems\17.12_longest_non_decreasing_sequence.cpp">
      <Filter>Problems</Filter>
    </ClCompile>
    <ClCompile Include="Solutions\17.12_longest_non_decreasing_sequence_solution.cpp">
      <Filter>Solutions</Filter>
    </ClCompile>
    <ClCompile Include="Problems\17.9_picking_up_coins.cpp">
      <Filter>Problems</Filter>
    </ClCompile>
    <ClCompile Include="Solutions\17.9_picking_up_coins_solution.cpp">
      <Filter>Solutions</Filter>
    </ClCompile>
  </ItemGroup>
  <ItemGroup>
    <Filter Include="Solutions">
      <UniqueIdentifier>{43ebc4dc-1a68-4f79-818b-0e4a23cb58d1}</UniqueIdentifier>
    </Filter>
    <Filter Include="Problems">
      <UniqueIdentifier>{89d363d1-11a7-409f-8bf7-f66a72438d57}</UniqueIdentifier>
    </Filter>
  </ItemGroup>
</Project>