<?xml version="1.0" encoding="utf-8"?>
<Project ToolsVersion="4.0" xmlns="http://schemas.microsoft.com/developer/msbuild/2003">
  <ItemGroup>
    <ClInclude Include="stdafx.h" />
    <ClInclude Include="targetver.h" />
    <ClInclude Include="Problems\Problems.h">
      <Filter>Problems</Filter>
    </ClInclude>
  </ItemGroup>
  <ItemGroup>
    <ClCompile Include="stdafx.cpp" />
    <ClCompile Include="Problems\5_Primitives\5.5_multiply_shift_add.cpp">
      <Filter>Problems\5. Primitives</Filter>
    </ClCompile>
    <ClCompile Include="Problems\5_Primitives\5.7_buy_and_sell_stock_twice.cpp">
      <Filter>Problems\5. Primitives</Filter>
    </ClCompile>
    <ClCompile Include="Problems\5_Primitives\5.11_intersect_rectangle.cpp">
      <Filter>Problems\5. Primitives</Filter>
    </ClCompile>
    <ClCompile Include="Problems\7_Strings\7.3_spreadsheet_encoding.cpp">
      <Filter>Problems\7. Strings</Filter>
    </ClCompile>
    <ClCompile Include="Problems\15_BinarySearchTrees\15.13_add_credits.cpp">
      <Filter>Problems\15. Binary Search Trees</Filter>
    </ClCompile>
    <ClCompile Include="Problems\16_Recursion\16.5_generate_all_subsets.cpp">
      <Filter>Problems\16. Recursion</Filter>
    </ClCompile>
    <ClCompile Include="Problems\17_DynamicProgramming\17.9_picking_up_coins.cpp">
      <Filter>Problems\17. Dynamic Programming</Filter>
    </ClCompile>
    <ClCompile Include="Problems\17_DynamicProgramming\17.12_longest_non_decreasing_sequence.cpp">
      <Filter>Problems\17. Dynamic Programming</Filter>
    </ClCompile>
    <ClCompile Include="Problems\SortingAlgorithms\BubbleSort.cpp">
      <Filter>Problems\Sorting Algorithms</Filter>
    </ClCompile>
    <ClCompile Include="Solutions\5_Primitives\5.5_multiply_shift_add_solution.cpp">
      <Filter>Solutions\5. Primitives</Filter>
    </ClCompile>
    <ClCompile Include="Solutions\5_Primitives\5.7_buy_and_sell_stock_twice_solution.cpp">
      <Filter>Solutions\5. Primitives</Filter>
    </ClCompile>
    <ClCompile Include="Solutions\5_Primitives\5.11_intersect_rectangle_solution.cpp">
      <Filter>Solutions\5. Primitives</Filter>
    </ClCompile>
    <ClCompile Include="Solutions\7_Strings\7.3_spreadsheet_encoding_solution.cpp">
      <Filter>Solutions\7. Strings</Filter>
    </ClCompile>
    <ClCompile Include="Solutions\15_BinarySearchTrees\15.13_add_credits_solution.cpp">
      <Filter>Solutions\15. Binary Search Trees</Filter>
    </ClCompile>
    <ClCompile Include="Solutions\16_Recursion\16.5_generate_all_subsets_solution.cpp">
      <Filter>Solutions\16. Recursion</Filter>
    </ClCompile>
    <ClCompile Include="Solutions\17_DynamicProgramming\17.9_picking_up_coins_solution.cpp">
      <Filter>Solutions\17. Dynamic Programming</Filter>
    </ClCompile>
    <ClCompile Include="Solutions\17_DynamicProgramming\17.12_longest_non_decreasing_sequence_solution.cpp">
      <Filter>Solutions\17. Dynamic Programming</Filter>
    </ClCompile>
    <ClCompile Include="Solutions\SortingAlgorithms\BubbleSort_solution.cpp">
      <Filter>Solutions\Sorting Algorithms</Filter>
    </ClCompile>
    <ClCompile Include="Problems.cpp">
      <Filter>Problems</Filter>
    </ClCompile>
    <ClCompile Include="C++Constructs.cpp">
      <Filter>Problems</Filter>
    </ClCompile>
  </ItemGroup>
  <ItemGroup>
    <Filter Include="Solutions">
      <UniqueIdentifier>{43ebc4dc-1a68-4f79-818b-0e4a23cb58d1}</UniqueIdentifier>
    </Filter>
    <Filter Include="Problems">
      <UniqueIdentifier>{89d363d1-11a7-409f-8bf7-f66a72438d57}</UniqueIdentifier>
    </Filter>
    <Filter Include="Problems\5. Primitives">
      <UniqueIdentifier>{761bdf92-d96b-487a-8adc-7b3d5822ce5b}</UniqueIdentifier>
    </Filter>
    <Filter Include="Problems\7. Strings">
      <UniqueIdentifier>{29fcb599-9023-4a51-8780-87a5207e6d82}</UniqueIdentifier>
    </Filter>
    <Filter Include="Problems\15. Binary Search Trees">
      <UniqueIdentifier>{38f265f9-2d89-45e7-bafe-1f17de34dae1}</UniqueIdentifier>
    </Filter>
    <Filter Include="Problems\16. Recursion">
      <UniqueIdentifier>{f49e8aa1-8aaf-46bb-a818-45d83c369862}</UniqueIdentifier>
    </Filter>
    <Filter Include="Problems\17. Dynamic Programming">
      <UniqueIdentifier>{f09ac895-5a61-47f3-8a6c-ab122def7766}</UniqueIdentifier>
    </Filter>
    <Filter Include="Solutions\5. Primitives">
      <UniqueIdentifier>{cf5ae034-692d-4ef4-a94e-c91350d70095}</UniqueIdentifier>
    </Filter>
    <Filter Include="Solutions\7. Strings">
      <UniqueIdentifier>{ee57ddbd-6e13-42ba-9158-70cd07d6782f}</UniqueIdentifier>
    </Filter>
    <Filter Include="Solutions\15. Binary Search Trees">
      <UniqueIdentifier>{d7232a8c-5a83-4f8c-833a-9b6a92e59eb3}</UniqueIdentifier>
    </Filter>
    <Filter Include="Solutions\16. Recursion">
      <UniqueIdentifier>{110145f6-ddd8-41d7-a5de-dbeab8654109}</UniqueIdentifier>
    </Filter>
    <Filter Include="Solutions\17. Dynamic Programming">
      <UniqueIdentifier>{4e8f2f75-6044-4b35-a0d9-89866b4d9c8c}</UniqueIdentifier>
    </Filter>
    <Filter Include="Problems\Sorting Algorithms">
      <UniqueIdentifier>{ce4bb0a6-6d3c-47bb-9617-1fa86f8e30ff}</UniqueIdentifier>
    </Filter>
    <Filter Include="Solutions\Sorting Algorithms">
      <UniqueIdentifier>{cb114960-961f-4820-a52c-e2c140a77194}</UniqueIdentifier>
    </Filter>
  </ItemGroup>
</Project>