<?xml version="1.0" encoding="utf-8"?>
<Project ToolsVersion="4.0" xmlns="http://schemas.microsoft.com/developer/msbuild/2003">
  <ItemGroup>
    <ClInclude Include="stdafx.h" />
    <ClInclude Include="targetver.h" />
    <ClInclude Include="Problems\Problems.h">
      <Filter>Problems</Filter>
    </ClInclude>
    <ClInclude Include="Problems\9_StacksQueues\9.1_stack_with_max.h">
      <Filter>Problems\9. Stacks and Queues</Filter>
    </ClInclude>
    <ClInclude Include="Solutions\9_StacksQueues\9.1_stack_with_max_solution.h">
      <Filter>Solutions\9. Stacks and Queues</Filter>
    </ClInclude>
    <ClInclude Include="Shared.h" />
    <ClInclude Include="Problems\18_GreedyAlgorithms\2_sum.h">
      <Filter>Problems\18. Greedy Algorithms</Filter>
    </ClInclude>
    <ClInclude Include="Solutions\18_GreedyAlgorithms\2_sum_solution.h">
      <Filter>Solutions\18. Greedy Algorithms</Filter>
    </ClInclude>
    <ClInclude Include="Problems\8_LinkedLists\8.4_overlapping_lists_no_cycle.h">
      <Filter>Problems\8. Linked Lists</Filter>
    </ClInclude>
    <ClInclude Include="Problems\8_LinkedLists\8.3_checking_cycle.h">
      <Filter>Problems\8. Linked Lists</Filter>
    </ClInclude>
    <ClInclude Include="Solutions\10_BinaryTrees\10.13_reconstruct_preorder_with_null_solution.h">
      <Filter>Solutions\10. Binary Trees</Filter>
    </ClInclude>
    <ClInclude Include="Problems\Math\VectorN.h">
      <Filter>Solutions\Math</Filter>
    </ClInclude>
    <ClInclude Include="Solutions\8_LinkedLists\8.3_checking_cycle_solution.h">
      <Filter>Solutions\8. Linked Lists</Filter>
    </ClInclude>
    <ClInclude Include="Solutions\8_LinkedLists\8.4_overlapping_lists_no_cycle_solution.h">
      <Filter>Solutions\8. Linked Lists</Filter>
    </ClInclude>
    <ClInclude Include="Solutions\6_Arrays\6.11_offline_sampling_solution.h">
      <Filter>Solutions\6. Arrays</Filter>
    </ClInclude>
    <ClInclude Include="Problems\6_Arrays\6.11_offline_sampling.h">
      <Filter>Problems\6. Arrays</Filter>
    </ClInclude>
    <ClInclude Include="Solutions\8_LinkedLists\8.1_merge_sorted_lists_solution.h">
      <Filter>Solutions\8. Linked Lists</Filter>
    </ClInclude>
    <ClInclude Include="Problems\8_LinkedLists\8.1_merge_sorted_lists.h">
      <Filter>Problems\8. Linked Lists</Filter>
    </ClInclude>
    <ClInclude Include="binary_tree_prototype.h">
      <Filter>Data Structures</Filter>
    </ClInclude>
    <ClInclude Include="binary_tree_utils.h">
      <Filter>Data Structures</Filter>
    </ClInclude>
    <ClInclude Include="binary_tree_with_parent_prototype.h">
      <Filter>Data Structures</Filter>
    </ClInclude>
    <ClInclude Include="BSTPrototype.h">
      <Filter>Data Structures</Filter>
    </ClInclude>
    <ClInclude Include="doubly_linked_list_prototype.h">
      <Filter>Data Structures</Filter>
    </ClInclude>
    <ClInclude Include="LinkedListPrototype.h">
      <Filter>Data Structures</Filter>
    </ClInclude>
    <ClInclude Include="Problems\5_Primitives\5.1_parity.h">
      <Filter>Problems\5. Primitives</Filter>
    </ClInclude>
    <ClInclude Include="Solutions\5_Primitives\5.1_parity_solution.h">
      <Filter>Solutions\5. Primitives</Filter>
    </ClInclude>
    <ClInclude Include="Solutions\5_Primitives\5.2_swap_bits_solution.h">
      <Filter>Solutions\5. Primitives</Filter>
    </ClInclude>
    <ClInclude Include="Problems\5_Primitives\5.2_swap_bits.h">
      <Filter>Problems\5. Primitives</Filter>
    </ClInclude>
    <ClInclude Include="Problems\10_BinaryTrees\10.13_reconstruct_preorder_with_null.h">
      <Filter>Problems\10. Binary Trees</Filter>
    </ClInclude>
  </ItemGroup>
  <ItemGroup>
    <ClCompile Include="stdafx.cpp" />
    <ClCompile Include="Problems\5_Primitives\5.5_multiply_shift_add.cpp">
      <Filter>Problems\5. Primitives</Filter>
    </ClCompile>
    <ClCompile Include="Problems\5_Primitives\5.11_intersect_rectangle.cpp">
      <Filter>Problems\5. Primitives</Filter>
    </ClCompile>
    <ClCompile Include="Problems\7_Strings\7.3_spreadsheet_encoding.cpp">
      <Filter>Problems\7. Strings</Filter>
    </ClCompile>
    <ClCompile Include="Problems\15_BinarySearchTrees\15.13_add_credits.cpp">
      <Filter>Problems\15. Binary Search Trees</Filter>
    </ClCompile>
    <ClCompile Include="Problems\16_Recursion\16.5_generate_all_subsets.cpp">
      <Filter>Problems\16. Recursion</Filter>
    </ClCompile>
    <ClCompile Include="Problems\17_DynamicProgramming\17.9_picking_up_coins.cpp">
      <Filter>Problems\17. Dynamic Programming</Filter>
    </ClCompile>
    <ClCompile Include="Problems\17_DynamicProgramming\17.12_longest_non_decreasing_sequence.cpp">
      <Filter>Problems\17. Dynamic Programming</Filter>
    </ClCompile>
    <ClCompile Include="Problems\SortingAlgorithms\BubbleSort.cpp">
      <Filter>Problems\Sorting Algorithms</Filter>
    </ClCompile>
    <ClCompile Include="Solutions\5_Primitives\5.5_multiply_shift_add_solution.cpp">
      <Filter>Solutions\5. Primitives</Filter>
    </ClCompile>
    <ClCompile Include="Solutions\5_Primitives\5.11_intersect_rectangle_solution.cpp">
      <Filter>Solutions\5. Primitives</Filter>
    </ClCompile>
    <ClCompile Include="Solutions\7_Strings\7.3_spreadsheet_encoding_solution.cpp">
      <Filter>Solutions\7. Strings</Filter>
    </ClCompile>
    <ClCompile Include="Solutions\15_BinarySearchTrees\15.13_add_credits_solution.cpp">
      <Filter>Solutions\15. Binary Search Trees</Filter>
    </ClCompile>
    <ClCompile Include="Solutions\16_Recursion\16.5_generate_all_subsets_solution.cpp">
      <Filter>Solutions\16. Recursion</Filter>
    </ClCompile>
    <ClCompile Include="Solutions\17_DynamicProgramming\17.9_picking_up_coins_solution.cpp">
      <Filter>Solutions\17. Dynamic Programming</Filter>
    </ClCompile>
    <ClCompile Include="Solutions\17_DynamicProgramming\17.12_longest_non_decreasing_sequence_solution.cpp">
      <Filter>Solutions\17. Dynamic Programming</Filter>
    </ClCompile>
    <ClCompile Include="Solutions\SortingAlgorithms\BubbleSort_solution.cpp">
      <Filter>Solutions\Sorting Algorithms</Filter>
    </ClCompile>
    <ClCompile Include="Problems.cpp">
      <Filter>Problems</Filter>
    </ClCompile>
    <ClCompile Include="C++Constructs.cpp">
      <Filter>Problems</Filter>
    </ClCompile>
    <ClCompile Include="Problems\18_GreedyAlgorithms\18.1_task_assignment.cpp">
      <Filter>Problems\18. Greedy Algorithms</Filter>
    </ClCompile>
    <ClCompile Include="Solutions\18_GreedyAlgorithms\18.1_task_assignment_solution.cpp">
      <Filter>Solutions\18. Greedy Algorithms</Filter>
    </ClCompile>
    <ClCompile Include="Solutions\18_GreedyAlgorithms\18.5_search_majority_solution.cpp">
      <Filter>Solutions\18. Greedy Algorithms</Filter>
    </ClCompile>
    <ClCompile Include="Problems\18_GreedyAlgorithms\18.5_search_majority.cpp">
      <Filter>Problems\18. Greedy Algorithms</Filter>
    </ClCompile>
    <ClCompile Include="Problems\18_GreedyAlgorithms\18.8_largest_rectangle_under_skyline.cpp">
      <Filter>Problems\18. Greedy Algorithms</Filter>
    </ClCompile>
    <ClCompile Include="Solutions\18_GreedyAlgorithms\18.8_largest_rectangle_under_skyline_solution.cpp">
      <Filter>Solutions\18. Greedy Algorithms</Filter>
    </ClCompile>
    <ClCompile Include="Problems\25_HonorRoll\25.26_regular_expression.cpp">
      <Filter>Problems\25. Honor Roll</Filter>
    </ClCompile>
    <ClCompile Include="Solutions\25_HonorRoll\25.26_regular_expression_solution.cpp">
      <Filter>Solutions\25. Honor Roll</Filter>
    </ClCompile>
    <ClCompile Include="Solutions\SortingAlgorithms\Quicksort_solution.cpp">
      <Filter>Solutions\Sorting Algorithms</Filter>
    </ClCompile>
    <ClCompile Include="Problems\SortingAlgorithms\Quicksort.cpp">
      <Filter>Problems\Sorting Algorithms</Filter>
    </ClCompile>
    <ClCompile Include="Problems\25_HonorRoll\25.32_height_determination.cpp">
      <Filter>Problems\25. Honor Roll</Filter>
    </ClCompile>
    <ClCompile Include="Solutions\25_HonorRoll\25.32_height_determination_solution.cpp">
      <Filter>Solutions\25. Honor Roll</Filter>
    </ClCompile>
    <ClCompile Include="Problems\25_HonorRoll\25.37_search_frequent_items.cpp">
      <Filter>Problems\25. Honor Roll</Filter>
    </ClCompile>
    <ClCompile Include="Solutions\25_HonorRoll\25.37_search_frequent_items_solution.cpp">
      <Filter>Solutions\25. Honor Roll</Filter>
    </ClCompile>
    <ClCompile Include="Problems\18_GreedyAlgorithms\18.2_minimum_waiting_time.cpp">
      <Filter>Problems\18. Greedy Algorithms</Filter>
    </ClCompile>
    <ClCompile Include="Solutions\18_GreedyAlgorithms\18.2_minimum_waiting_time_solution.cpp">
      <Filter>Solutions\18. Greedy Algorithms</Filter>
    </ClCompile>
    <ClCompile Include="Solutions\5_Primitives\5.9_palindrome_number_solution.cpp">
      <Filter>Solutions\5. Primitives</Filter>
    </ClCompile>
    <ClCompile Include="Problems\5_Primitives\5.9_palindrome_number.cpp">
      <Filter>Problems\5. Primitives</Filter>
    </ClCompile>
    <ClCompile Include="Problems\25_HonorRoll\25.38_longest_subarray_k_improved.cpp">
      <Filter>Problems\25. Honor Roll</Filter>
    </ClCompile>
    <ClCompile Include="Solutions\25_HonorRoll\25.38_longest_subarray_k_improved_solution.cpp">
      <Filter>Solutions\25. Honor Roll</Filter>
    </ClCompile>
    <ClCompile Include="Problems\9_StacksQueues\9.10_queue_with_max.cpp">
      <Filter>Problems\9. Stacks and Queues</Filter>
    </ClCompile>
    <ClCompile Include="Solutions\9_StacksQueues\9.10_queue_with_max_solution.cpp">
      <Filter>Solutions\9. Stacks and Queues</Filter>
    </ClCompile>
    <ClCompile Include="Solutions\9_StacksQueues\9.1_stack_with_max_solution.cpp">
      <Filter>Solutions\9. Stacks and Queues</Filter>
    </ClCompile>
    <ClCompile Include="Problems\9_StacksQueues\9.1_stack_with_max.cpp">
      <Filter>Problems\9. Stacks and Queues</Filter>
    </ClCompile>
    <ClCompile Include="Solutions\17_DynamicProgramming\17.11_pretty_printing_solution.cpp">
      <Filter>Solutions\17. Dynamic Programming</Filter>
    </ClCompile>
    <ClCompile Include="Shared.cpp" />
    <ClCompile Include="Problems\10_BinaryTrees\10.7_bst_sorted_order.cpp">
      <Filter>Problems\10. Binary Trees</Filter>
    </ClCompile>
    <ClCompile Include="Solutions\10_BinaryTrees\10.7_bst_sorted_order_solution.cpp">
      <Filter>Solutions\10. Binary Trees</Filter>
    </ClCompile>
    <ClCompile Include="Problems\25_HonorRoll\25.31_maximum_subarray_sum_in_circular_array.cpp">
      <Filter>Problems\25. Honor Roll</Filter>
    </ClCompile>
    <ClCompile Include="Solutions\25_HonorRoll\25.31_maximum_subarray_sum_in_circular_array_solution.cpp">
      <Filter>Solutions\25. Honor Roll</Filter>
    </ClCompile>
    <ClCompile Include="Problems\16_Recursion\16.3_permutations.cpp">
      <Filter>Problems\16. Recursion</Filter>
    </ClCompile>
    <ClCompile Include="Problems\16_Recursion\16.3_permutations_solution.cpp">
      <Filter>Solutions\16. Recursion</Filter>
    </ClCompile>
    <ClCompile Include="Problems\12_Searching\12.10_find_missing_and_duplicate.cpp">
      <Filter>Problems\12. Searching</Filter>
    </ClCompile>
    <ClCompile Include="Solutions\12_Searching\12.10_find_missing_and_duplicate_solution.cpp">
      <Filter>Solutions\12. Searching</Filter>
    </ClCompile>
    <ClCompile Include="Problems\8_LinkedLists\8.9_cyclic_right_shift.cpp">
      <Filter>Problems\8. Linked Lists</Filter>
    </ClCompile>
    <ClCompile Include="Problems\5_Primitives\5.6_division.cpp">
      <Filter>Problems\5. Primitives</Filter>
    </ClCompile>
    <ClCompile Include="Solutions\5_Primitives\5.6_division_solution.cpp">
      <Filter>Solutions\5. Primitives</Filter>
    </ClCompile>
    <ClCompile Include="Problems\18_GreedyAlgorithms\18.4_3_sum.cpp">
      <Filter>Problems\18. Greedy Algorithms</Filter>
    </ClCompile>
    <ClCompile Include="Solutions\18_GreedyAlgorithms\18.4_3_sum_solution.cpp">
      <Filter>Solutions\18. Greedy Algorithms</Filter>
    </ClCompile>
    <ClCompile Include="Problems\17_DynamicProgramming\17.1_score_combination.cpp">
      <Filter>Problems\17. Dynamic Programming</Filter>
    </ClCompile>
    <ClCompile Include="Solutions\17_DynamicProgramming\17.1_score_combination_solution.cpp">
      <Filter>Solutions\17. Dynamic Programming</Filter>
    </ClCompile>
    <ClCompile Include="Problems\14_Sorting\14.6_union_intervals.cpp">
      <Filter>Problems\14. Sorting</Filter>
    </ClCompile>
    <ClCompile Include="Solutions\14_Sorting\14.6_union_intervals_solution.cpp">
      <Filter>Solutions\14. Sorting</Filter>
    </ClCompile>
    <ClCompile Include="Problems\9_StacksQueues\9.6_view_sunset.cpp">
      <Filter>Problems\9. Stacks and Queues</Filter>
    </ClCompile>
    <ClCompile Include="Solutions\9_StacksQueues\9.6_sunset_view_solution.cpp">
      <Filter>Solutions\9. Stacks and Queues</Filter>
    </ClCompile>
    <ClCompile Include="Problems\8_LinkedLists\8.5_overlapping_lists.cpp">
      <Filter>Problems\8. Linked Lists</Filter>
    </ClCompile>
    <ClCompile Include="Problems\17_DynamicProgramming\17.11_pretty_printing.cpp">
      <Filter>Problems\17. Dynamic Programming</Filter>
    </ClCompile>
    <ClCompile Include="Solutions\10_BinaryTrees\10.15_exterior_binary_tree_solution.cpp">
      <Filter>Solutions\10. Binary Trees</Filter>
    </ClCompile>
    <ClCompile Include="Problems\25_HonorRoll\25.29_drawing_skyline.cpp">
      <Filter>Problems\25. Honor Roll</Filter>
    </ClCompile>
    <ClCompile Include="Solutions\25_HonorRoll\25.29_drawing_skyline_solution.cpp">
      <Filter>Solutions\25. Honor Roll</Filter>
    </ClCompile>
    <ClCompile Include="Problems\17_DynamicProgramming\17.2_levenshtein_distance.cpp">
      <Filter>Problems\17. Dynamic Programming</Filter>
    </ClCompile>
    <ClCompile Include="Solutions\17_DynamicProgramming\17.2_levenshtein_distance_solution.cpp">
      <Filter>Solutions\17. Dynamic Programming</Filter>
    </ClCompile>
    <ClCompile Include="Solutions\16_Recursion\16.2_n_queens_solution.cpp">
      <Filter>Solutions\16. Recursion</Filter>
    </ClCompile>
    <ClCompile Include="Solutions\12_Searching\12.4_square_root_int_solution.cpp">
      <Filter>Solutions\12. Searching</Filter>
    </ClCompile>
    <ClCompile Include="Problems\6_Arrays\6.1_dutch_national_flag.cpp">
      <Filter>Problems\6. Arrays</Filter>
    </ClCompile>
    <ClCompile Include="Solutions\6_Arrays\6.1_dutch_national_flag_solution.cpp">
      <Filter>Solutions\6. Arrays</Filter>
    </ClCompile>
    <ClCompile Include="Problems\25_HonorRoll\25.40_arbitrage.cpp">
      <Filter>Problems\25. Honor Roll</Filter>
    </ClCompile>
    <ClCompile Include="Problems\15_BinarySearchTrees\15.6_minimum_distance_3_sorted_arrays.cpp">
      <Filter>Problems\15. Binary Search Trees</Filter>
    </ClCompile>
    <ClCompile Include="Solutions\15_BinarySearchTrees\15.6_minimum_distance_3_sorted_arrays_solution.cpp">
      <Filter>Solutions\15. Binary Search Trees</Filter>
    </ClCompile>
    <ClCompile Include="Solutions\6_Arrays\6.18_matrix_rotation_constant_solution.cpp">
      <Filter>Solutions\6. Arrays</Filter>
    </ClCompile>
    <ClCompile Include="Problems\Math\GramSchmidtOrthogonalization.cpp">
      <Filter>Problems\Math</Filter>
    </ClCompile>
    <ClCompile Include="Solutions\Math\GramSchmidtOrthogonalization_solution.cpp">
      <Filter>Solutions\Math</Filter>
    </ClCompile>
    <ClCompile Include="Solutions\16_Recursion\16.7_palindrome_partitioning_solution.cpp">
      <Filter>Solutions\16. Recursion</Filter>
    </ClCompile>
    <ClCompile Include="Solutions\16_Recursion\16.7_palindrome_partitioning.cpp">
      <Filter>Problems\16. Recursion</Filter>
    </ClCompile>
    <ClCompile Include="Problems\6_Arrays\6.8_prime_sieve.cpp">
      <Filter>Problems\6. Arrays</Filter>
    </ClCompile>
    <ClCompile Include="Problems\6_Arrays\6.10_next_permutation.cpp">
      <Filter>Problems\6. Arrays</Filter>
    </ClCompile>
    <ClCompile Include="Problems\6_Arrays\6.18_matrix_rotation_constant.cpp">
      <Filter>Problems\6. Arrays</Filter>
    </ClCompile>
    <ClCompile Include="Solutions\6_Arrays\6.10_next_permutation_solution.cpp">
      <Filter>Solutions\6. Arrays</Filter>
    </ClCompile>
    <ClCompile Include="Solutions\25_HonorRoll\25.40_arbitrage_solution.cpp">
      <Filter>Solutions\25. Honor Roll</Filter>
    </ClCompile>
    <ClCompile Include="Solutions\8_LinkedLists\8.5_overlapping_lists_solution.cpp">
      <Filter>Solutions\8. Linked Lists</Filter>
    </ClCompile>
    <ClCompile Include="Solutions\8_LinkedLists\8.9_cyclic_right_shift_solution.cpp">
      <Filter>Solutions\8. Linked Lists</Filter>
    </ClCompile>
    <ClCompile Include="Problems\25_HonorRoll\25.28_count_inversions.cpp">
      <Filter>Problems\25. Honor Roll</Filter>
    </ClCompile>
    <ClCompile Include="Solutions\25_HonorRoll\25.28_count_inversions_solution.cpp">
      <Filter>Solutions\25. Honor Roll</Filter>
    </ClCompile>
    <ClCompile Include="Problems\7_Strings\7.1_interconverting_string_integer.cpp">
      <Filter>Problems\7. Strings</Filter>
    </ClCompile>
    <ClCompile Include="Solutions\7_Strings\7.1_interconverting_string_integer_solution.cpp">
      <Filter>Solutions\7. Strings</Filter>
    </ClCompile>
    <ClCompile Include="Solutions\6_Arrays\6.8_prime_sieve_solution.cpp">
      <Filter>Solutions\6. Arrays</Filter>
    </ClCompile>
    <ClCompile Include="Solutions\17_DynamicProgramming\17.8_triangle_solution.cpp">
      <Filter>Solutions\17. Dynamic Programming</Filter>
    </ClCompile>
    <ClCompile Include="Solutions\19_Graphs\19.6_wiring_circuit_board_solution.cpp">
      <Filter>Solutions\19. Graphs</Filter>
    </ClCompile>
    <ClCompile Include="Problems\19_Graphs\19.6_wiring_circuit_board.cpp">
      <Filter>Problems\19. Graphs</Filter>
    </ClCompile>
    <ClCompile Include="Problems\17_DynamicProgramming\17.8_triangle.cpp">
      <Filter>Problems\17. Dynamic Programming</Filter>
    </ClCompile>
    <ClCompile Include="Problems\12_Searching\12.4_square_root_int.cpp">
      <Filter>Problems\12. Searching</Filter>
    </ClCompile>
    <ClCompile Include="Solutions\10_BinaryTrees\10.12_reconstruct_binary_tree_pre_in_orders_solution.cpp">
      <Filter>Solutions\10. Binary Trees</Filter>
    </ClCompile>
    <ClCompile Include="Problems\17_DynamicProgramming\17.4_computing_binomial_coefficients.cpp">
      <Filter>Problems\17. Dynamic Programming</Filter>
    </ClCompile>
    <ClCompile Include="Solutions\17_DynamicProgramming\17.4_computing_binomial_coefficients_solution.cpp">
      <Filter>Solutions\17. Dynamic Programming</Filter>
    </ClCompile>
    <ClCompile Include="Problems\5_Primitives\5.7_power_x_y.cpp">
      <Filter>Problems\5. Primitives</Filter>
    </ClCompile>
    <ClCompile Include="Solutions\5_Primitives\5.7_power_x_y_solution.cpp">
      <Filter>Solutions\5. Primitives</Filter>
    </ClCompile>
    <ClCompile Include="Problems\25_HonorRoll\25.36_search_a_pair_sorted_array.cpp">
      <Filter>Problems\25. Honor Roll</Filter>
    </ClCompile>
    <ClCompile Include="Solutions\25_HonorRoll\25.36_search_a_pair_sorted_array_solution.cpp">
      <Filter>Solutions\25. Honor Roll</Filter>
    </ClCompile>
    <ClCompile Include="Problems\6_Arrays\6.9_permutation_array1.cpp">
      <Filter>Problems\6. Arrays</Filter>
    </ClCompile>
    <ClCompile Include="Solutions\6_Arrays\6.9_permutation_array1_solution.cpp">
      <Filter>Solutions\6. Arrays</Filter>
    </ClCompile>
    <ClCompile Include="Solutions\6_Arrays\6.7_buy_and_sell_stock_twice_solution.cpp">
      <Filter>Solutions\6. Arrays</Filter>
    </ClCompile>
    <ClCompile Include="Problems\6_Arrays\6.7_buy_and_sell_stock_twice.cpp">
      <Filter>Problems\6. Arrays</Filter>
    </ClCompile>
    <ClCompile Include="Problems\6_Arrays\6.13_compute_random_permutation.cpp">
      <Filter>Problems\6. Arrays</Filter>
    </ClCompile>
    <ClCompile Include="Solutions\6_Arrays\6.13_compute_random_permutation_solution.cpp">
      <Filter>Solutions\6. Arrays</Filter>
    </ClCompile>
    <ClCompile Include="Solutions\6_Arrays\6.14_online_sampling_solution.cpp">
      <Filter>Solutions\6. Arrays</Filter>
    </ClCompile>
    <ClCompile Include="Problems\10_BinaryTrees\10.3_lowest_common_ancestor_no_parent.cpp">
      <Filter>Problems\10. Binary Trees</Filter>
    </ClCompile>
    <ClCompile Include="Solutions\10_BinaryTrees\10.3_lowest_common_ancestor_no_parent_solution.cpp">
      <Filter>Solutions\10. Binary Trees</Filter>
    </ClCompile>
    <ClCompile Include="Problems\16_Recursion\16.8_unique_binary_trees_all.cpp">
      <Filter>Problems\16. Recursion</Filter>
    </ClCompile>
    <ClCompile Include="Solutions\16_Recursion\16.8_unique_binary_trees_all_solution.cpp">
      <Filter>Solutions\16. Recursion</Filter>
    </ClCompile>
    <ClCompile Include="Problems\18_GreedyAlgorithms\18.7_container_with_most_water.cpp">
      <Filter>Problems\18. Greedy Algorithms</Filter>
    </ClCompile>
    <ClCompile Include="Solutions\18_GreedyAlgorithms\18.7_container_with_most_water_solution.cpp">
      <Filter>Solutions\18. Greedy Algorithms</Filter>
    </ClCompile>
    <ClCompile Include="Problems\16_Recursion\16.11_tree_diameter.cpp">
      <Filter>Problems\16. Recursion</Filter>
    </ClCompile>
    <ClCompile Include="Solutions\16_Recursion\16.11_tree_diameter_solution.cpp">
      <Filter>Solutions\16. Recursion</Filter>
    </ClCompile>
    <ClCompile Include="Problems\5_Primitives\5.4_closest_int_same_bits.cpp">
      <Filter>Problems\5. Primitives</Filter>
    </ClCompile>
    <ClCompile Include="Solutions\5_Primitives\5.4_closest_int_same_bits_solution.cpp">
      <Filter>Solutions\5. Primitives</Filter>
    </ClCompile>
    <ClCompile Include="Problems\11_Heaps\11.6_k_largest_elements_binary_heap.cpp">
      <Filter>Problems\11. Heaps</Filter>
    </ClCompile>
    <ClCompile Include="Solutions\11_Heaps\11.6_k_largest_elements_binary_heap_solution.cpp">
      <Filter>Solutions\11. Heaps</Filter>
    </ClCompile>
    <ClCompile Include="Problems\16_Recursion\16.4_power_set_alternative.cpp">
      <Filter>Problems\16. Recursion</Filter>
    </ClCompile>
    <ClCompile Include="Solutions\16_Recursion\16.4_power_set_alternative_solution.cpp">
      <Filter>Solutions\16. Recursion</Filter>
    </ClCompile>
    <ClCompile Include="Problems\9_StacksQueues\9.7_binary_tree_level_order.cpp">
      <Filter>Problems\9. Stacks and Queues</Filter>
    </ClCompile>
    <ClCompile Include="Solutions\9_StacksQueues\9.7_binary_tree_level_order_solution.cpp">
      <Filter>Solutions\9. Stacks and Queues</Filter>
    </ClCompile>
    <ClCompile Include="Problems\25_HonorRoll\25.22_sorted_list_to_bst.cpp">
      <Filter>Problems\25. Honor Roll</Filter>
    </ClCompile>
    <ClCompile Include="Solutions\25_HonorRoll\25.22_sorted_list_to_bst_solution.cpp">
      <Filter>Solutions\25. Honor Roll</Filter>
    </ClCompile>
    <ClCompile Include="Problems\15_BinarySearchTrees\15.7_generating_a_b_sqrt2_improved.cpp">
      <Filter>Problems\15. Binary Search Trees</Filter>
    </ClCompile>
    <ClCompile Include="Solutions\15_BinarySearchTrees\15.7_generating_a_b_sqrt2_improved_solution.cpp">
      <Filter>Solutions\15. Binary Search Trees</Filter>
    </ClCompile>
    <ClCompile Include="Problems\6_Arrays\6.12_reservoir_sampling.cpp">
      <Filter>Problems\6. Arrays</Filter>
    </ClCompile>
    <ClCompile Include="Solutions\6_Arrays\6.12_reservoir_sampling_solution.cpp">
      <Filter>Solutions\6. Arrays</Filter>
    </ClCompile>
    <ClCompile Include="Problems\7_Strings\7.9_roman_to_integer.cpp">
      <Filter>Problems\7. Strings</Filter>
    </ClCompile>
    <ClCompile Include="Solutions\7_Strings\7.9_roman_to_integer_solution.cpp">
      <Filter>Solutions\7. Strings</Filter>
    </ClCompile>
    <ClCompile Include="Problems\8_LinkedLists\8.7_remove_kth_last_list.cpp">
      <Filter>Problems\8. Linked Lists</Filter>
    </ClCompile>
    <ClCompile Include="Solutions\8_LinkedLists\8.7_remove_kth_last_list_solution.cpp">
      <Filter>Solutions\8. Linked Lists</Filter>
    </ClCompile>
    <ClCompile Include="Solutions\9_StacksQueues\9.8_circular_queue_solution.cpp">
      <Filter>Solutions\9. Stacks and Queues</Filter>
    </ClCompile>
    <ClCompile Include="Problems\9_StacksQueues\9.9_queue_from_stacks.cpp">
      <Filter>Problems\9. Stacks and Queues</Filter>
    </ClCompile>
    <ClCompile Include="Solutions\9_StacksQueues\9.9_queue_from_stacks_solution.cpp">
      <Filter>Solutions\9. Stacks and Queues</Filter>
    </ClCompile>
    <ClCompile Include="Problems\11_Heaps\11.5_online_median.cpp">
      <Filter>Problems\11. Heaps</Filter>
    </ClCompile>
    <ClCompile Include="Solutions\11_Heaps\11.5_online_median_solution.cpp">
      <Filter>Solutions\11. Heaps</Filter>
    </ClCompile>
    <ClCompile Include="Problems\13_HashTables\13.10_longest_contained_range.cpp">
      <Filter>Problems\13. Hash Tables</Filter>
    </ClCompile>
    <ClCompile Include="Solutions\13_HashTables\13.10_longest_contained_range_solution.cpp">
      <Filter>Solutions\13. Hash Tables</Filter>
    </ClCompile>
    <ClCompile Include="Solutions\10_BinaryTrees\10.10_successor_solution.cpp">
      <Filter>Solutions\10. Binary Trees</Filter>
    </ClCompile>
    <ClCompile Include="Problems\19_Graphs\19.4_2_exists.cpp">
      <Filter>Problems\19. Graphs</Filter>
    </ClCompile>
    <ClCompile Include="Solutions\19_Graphs\19.4_2_exists_solution.cpp">
      <Filter>Solutions\19. Graphs</Filter>
    </ClCompile>
    <ClCompile Include="Solutions\13_HashTables\13.12_substring_with_concatenation_of_all_words_solution.cpp">
      <Filter>Solutions\13. Hash Tables</Filter>
    </ClCompile>
    <ClCompile Include="Problems\13_HashTables\13.4_lowest_common_ancestor_hash.cpp">
      <Filter>Problems\13. Hash Tables</Filter>
    </ClCompile>
    <ClCompile Include="Solutions\13_HashTables\13.4_lowest_common_ancestor_hash_solution.cpp">
      <Filter>Solutions\13. Hash Tables</Filter>
    </ClCompile>
    <ClCompile Include="Problems\14_Sorting\14.10_completion_search.cpp">
      <Filter>Problems\14. Sorting</Filter>
    </ClCompile>
    <ClCompile Include="Solutions\14_Sorting\14.10_completion_search_solution.cpp">
      <Filter>Solutions\14. Sorting</Filter>
    </ClCompile>
    <ClCompile Include="Problems\11_Heaps\11.3_approximate_sort.cpp">
      <Filter>Problems\11. Heaps</Filter>
    </ClCompile>
    <ClCompile Include="Solutions\11_Heaps\11.3_approximate_sort_solution.cpp">
      <Filter>Solutions\11. Heaps</Filter>
    </ClCompile>
    <ClCompile Include="Problems\12_Searching\12.8_order_statistic.cpp">
      <Filter>Problems\12. Searching</Filter>
    </ClCompile>
    <ClCompile Include="Solutions\12_Searching\12.8_order_statistic_solution.cpp">
      <Filter>Solutions\12. Searching</Filter>
    </ClCompile>
    <ClCompile Include="Problems\Math\GaussJordanElimination.cpp">
      <Filter>Problems\Math</Filter>
    </ClCompile>
    <ClCompile Include="Problems\13_HashTables\13.12_substring_with_concatenation_of_all_words.cpp">
      <Filter>Problems\13. Hash Tables</Filter>
    </ClCompile>
    <ClCompile Include="Problems\16_Recursion\16.1_tower_hanoi.cpp">
      <Filter>Problems\16. Recursion</Filter>
    </ClCompile>
    <ClCompile Include="Solutions\16_Recursion\16.1_tower_hanoi_solution.cpp">
      <Filter>Solutions\16. Recursion</Filter>
    </ClCompile>
    <ClCompile Include="Problems\16_Recursion\16.9_sudoku_solve.cpp">
      <Filter>Problems\16. Recursion</Filter>
    </ClCompile>
    <ClCompile Include="Solutions\16_Recursion\16.9_sudoku_solve_solution.cpp">
      <Filter>Solutions\16. Recursion</Filter>
    </ClCompile>
    <ClCompile Include="Problems\15_BinarySearchTrees\15.4_bst_lowest_common_ancestor.cpp">
      <Filter>Problems\15. Binary Search Trees</Filter>
    </ClCompile>
    <ClCompile Include="Solutions\15_BinarySearchTrees\15.4_bst_lowest_common_ancestor_solution.cpp">
      <Filter>Solutions\15. Binary Search Trees</Filter>
    </ClCompile>
    <ClCompile Include="Problems\12_Searching\12.9_missing_element.cpp">
      <Filter>Problems\12. Searching</Filter>
    </ClCompile>
    <ClCompile Include="Solutions\12_Searching\12.9_missing_element_solution.cpp">
      <Filter>Solutions\12. Searching</Filter>
    </ClCompile>
    <ClCompile Include="Problems\12_Searching\12.5_square_root.cpp">
      <Filter>Problems\12. Searching</Filter>
    </ClCompile>
    <ClCompile Include="Solutions\12_Searching\12.5_square_root_solution.cpp">
      <Filter>Solutions\12. Searching</Filter>
    </ClCompile>
    <ClCompile Include="Problems\11_Heaps\11.1_merge_sorted_arrays.cpp">
      <Filter>Problems\11. Heaps</Filter>
    </ClCompile>
    <ClCompile Include="Solutions\11_Heaps\11.1_merge_sorted_arrays_solution.cpp">
      <Filter>Solutions\11. Heaps</Filter>
    </ClCompile>
    <ClCompile Include="Solutions\19_Graphs\19.7_transform_string_to_other_solution.cpp">
      <Filter>Solutions\19. Graphs</Filter>
    </ClCompile>
    <ClCompile Include="Problems\7_Strings\7.6_reverse_words.cpp">
      <Filter>Problems\7. Strings</Filter>
    </ClCompile>
    <ClCompile Include="Solutions\7_Strings\7.6_reverse_words_solution.cpp">
      <Filter>Solutions\7. Strings</Filter>
    </ClCompile>
    <ClCompile Include="Problems\8_LinkedLists\8.2_reverse_linked_list_from_s_to_f.cpp">
      <Filter>Problems\8. Linked Lists</Filter>
    </ClCompile>
    <ClCompile Include="Solutions\8_LinkedLists\8.2_reverse_linked_list_from_s_to_f_solution.cpp">
      <Filter>Solutions\8. Linked Lists</Filter>
    </ClCompile>
    <ClCompile Include="Problems\14_Sorting\14.1_intersect_sorted_arrays3.cpp">
      <Filter>Problems\14. Sorting</Filter>
    </ClCompile>
    <ClCompile Include="Solutions\14_Sorting\14.1_intersect_sorted_arrays3_solution.cpp">
      <Filter>Solutions\14. Sorting</Filter>
    </ClCompile>
    <ClCompile Include="Problems\15_BinarySearchTrees\15.10_insertion_deletion_bst.cpp">
      <Filter>Problems\15. Binary Search Trees</Filter>
    </ClCompile>
    <ClCompile Include="Solutions\15_BinarySearchTrees\15.10_insertion_deletion_bst_solution.cpp">
      <Filter>Solutions\15. Binary Search Trees</Filter>
    </ClCompile>
    <ClCompile Include="Problems\13_HashTables\13.9_longest_subarray_with_distinct_entries.cpp">
      <Filter>Problems\13. Hash Tables</Filter>
    </ClCompile>
    <ClCompile Include="Solutions\13_HashTables\13.9_longest_subarray_with_distinct_entries_solution.cpp">
      <Filter>Solutions\13. Hash Tables</Filter>
    </ClCompile>
    <ClCompile Include="Problems\14_Sorting\14.2_merge_two_sorted_arrays_in_place.cpp">
      <Filter>Problems\14. Sorting</Filter>
    </ClCompile>
    <ClCompile Include="Solutions\14_Sorting\14.2_merge_two_sorted_arrays_in_place_solution.cpp">
      <Filter>Solutions\14. Sorting</Filter>
    </ClCompile>
    <ClCompile Include="Problems\5_Primitives\5.10_uniform_random_number_generation.cpp">
      <Filter>Problems\5. Primitives</Filter>
    </ClCompile>
    <ClCompile Include="Solutions\5_Primitives\5.10_uniform_random_number_generation_solution.cpp">
      <Filter>Solutions\5. Primitives</Filter>
    </ClCompile>
    <ClCompile Include="Solutions\14_Sorting\14.9_sort_list_solution.cpp">
      <Filter>Solutions\14. Sorting</Filter>
    </ClCompile>
    <ClCompile Include="Problems\13_HashTables\13.1_valid_palindrome.cpp">
      <Filter>Problems\13. Hash Tables</Filter>
    </ClCompile>
    <ClCompile Include="Solutions\13_HashTables\13.1_valid_palindrome_solution.cpp">
      <Filter>Solutions\13. Hash Tables</Filter>
    </ClCompile>
    <ClCompile Include="Problems\17_DynamicProgramming\17.6_knapsack.cpp">
      <Filter>Problems\17. Dynamic Programming</Filter>
    </ClCompile>
    <ClCompile Include="Solutions\17_DynamicProgramming\17.6_knapsack_solution.cpp">
      <Filter>Solutions\17. Dynamic Programming</Filter>
    </ClCompile>
    <ClCompile Include="Solutions\18_GreedyAlgorithms\2_sum_unsorted_solution.cpp">
      <Filter>Solutions\18. Greedy Algorithms</Filter>
    </ClCompile>
    <ClCompile Include="Problems\18_GreedyAlgorithms\2_sum_unsorted.cpp">
      <Filter>Problems\18. Greedy Algorithms</Filter>
    </ClCompile>
    <ClCompile Include="Problems\17_DynamicProgramming\17.7_word_breaking.cpp">
      <Filter>Problems\17. Dynamic Programming</Filter>
    </ClCompile>
    <ClCompile Include="Solutions\17_DynamicProgramming\17.7_word_breaking_solution.cpp">
      <Filter>Solutions\17. Dynamic Programming</Filter>
    </ClCompile>
    <ClCompile Include="Problems\17_DynamicProgramming\17.3_number_ways.cpp">
      <Filter>Problems\17. Dynamic Programming</Filter>
    </ClCompile>
    <ClCompile Include="Solutions\17_DynamicProgramming\17.3_number_ways_solution.cpp">
      <Filter>Solutions\17. Dynamic Programming</Filter>
    </ClCompile>
    <ClCompile Include="Problems\17_DynamicProgramming\17.5_string_in_matrix.cpp">
      <Filter>Problems\17. Dynamic Programming</Filter>
    </ClCompile>
    <ClCompile Include="Problems\17_DynamicProgramming\17.5_string_in_matrix_solution.cpp">
      <Filter>Solutions\17. Dynamic Programming</Filter>
    </ClCompile>
    <ClCompile Include="Problems\17_DynamicProgramming\17.10_number_steps.cpp">
      <Filter>Problems\17. Dynamic Programming</Filter>
    </ClCompile>
    <ClCompile Include="Sandbox.cpp">
      <Filter>Problems</Filter>
    </ClCompile>
    <ClCompile Include="Problems\SortingAlgorithms\MergeSort.cpp">
      <Filter>Problems\Sorting Algorithms</Filter>
    </ClCompile>
    <ClCompile Include="Problems\15_BinarySearchTrees\15.5_reconstruct_binary_tree_pre_in_orders.cpp">
      <Filter>Problems\15. Binary Search Trees</Filter>
    </ClCompile>
    <ClCompile Include="Solutions\15_BinarySearchTrees\15.5_reconstruct_binary_tree_pre_in_orders_solution.cpp">
      <Filter>Solutions\15. Binary Search Trees</Filter>
    </ClCompile>
    <ClCompile Include="Solutions\5_Primitives\5.3_reverse_bits_solution.cpp">
      <Filter>Solutions\5. Primitives</Filter>
    </ClCompile>
    <ClCompile Include="Problems\5_Primitives\5.3_reverse_bits.cpp">
      <Filter>Problems\5. Primitives</Filter>
    </ClCompile>
    <ClCompile Include="Problems\6_Arrays\6.2_plus_one.cpp">
      <Filter>Problems\6. Arrays</Filter>
    </ClCompile>
    <ClCompile Include="Solutions\6_Arrays\6.2_plus_one_solution.cpp">
      <Filter>Solutions\6. Arrays</Filter>
    </ClCompile>
    <ClCompile Include="Problems\6_Arrays\6.3_bignumber_multiplication.cpp">
      <Filter>Problems\6. Arrays</Filter>
    </ClCompile>
    <ClCompile Include="Solutions\6_Arrays\6.3_bignumber_multiplication_solution.cpp">
      <Filter>Solutions\6. Arrays</Filter>
    </ClCompile>
    <ClCompile Include="Problems\6_Arrays\6.4_jump_game.cpp">
      <Filter>Problems\6. Arrays</Filter>
    </ClCompile>
    <ClCompile Include="Solutions\6_Arrays\6.4_jump_game_solution.cpp">
      <Filter>Solutions\6. Arrays</Filter>
    </ClCompile>
    <ClCompile Include="Problems\6_Arrays\6.5_remove_duplicates_from_sorted_array.cpp">
      <Filter>Problems\6. Arrays</Filter>
    </ClCompile>
    <ClCompile Include="Solutions\6_Arrays\6.5_remove_duplicates_from_sorted_array_solution.cpp">
      <Filter>Solutions\6. Arrays</Filter>
    </ClCompile>
    <ClCompile Include="Problems\6_Arrays\6.6_buy_and_sell_stock.cpp">
      <Filter>Problems\6. Arrays</Filter>
    </ClCompile>
    <ClCompile Include="Solutions\6_Arrays\6.6_buy_and_sell_stock_solution.cpp">
      <Filter>Solutions\6. Arrays</Filter>
    </ClCompile>
    <ClCompile Include="Problems\6_Arrays\6.15_nonuniform_random_number_generation.cpp">
      <Filter>Problems\6. Arrays</Filter>
    </ClCompile>
    <ClCompile Include="Solutions\6_Arrays\6.15_nonuniform_random_number_generation_solution.cpp">
      <Filter>Solutions\6. Arrays</Filter>
    </ClCompile>
    <ClCompile Include="Problems\6_Arrays\6.16_sudoku_check.cpp">
      <Filter>Problems\6. Arrays</Filter>
    </ClCompile>
    <ClCompile Include="Solutions\6_Arrays\6.16_sudoku_check_solution.cpp">
      <Filter>Solutions\6. Arrays</Filter>
    </ClCompile>
    <ClCompile Include="Problems\6_Arrays\6.17_spiral_matrix.cpp">
      <Filter>Problems\6. Arrays</Filter>
    </ClCompile>
    <ClCompile Include="Solutions\6_Arrays\6.17_spiral_matrix_solution.cpp">
      <Filter>Solutions\6. Arrays</Filter>
    </ClCompile>
    <ClCompile Include="Solutions\17_DynamicProgramming\17.10_number_steps_solution.cpp">
      <Filter>Solutions\17. Dynamic Programming</Filter>
    </ClCompile>
    <ClCompile Include="Problems\7_Strings\7.2_convert_base.cpp">
      <Filter>Problems\7. Strings</Filter>
    </ClCompile>
    <ClCompile Include="Problems\7_Strings\7.4_replace_and_remove.cpp">
      <Filter>Problems\7. Strings</Filter>
    </ClCompile>
    <ClCompile Include="Problems\7_Strings\7.5_valid_palindrome.cpp">
      <Filter>Problems\7. Strings</Filter>
    </ClCompile>
    <ClCompile Include="Problems\7_Strings\7.7_phone_mnemonic.cpp">
      <Filter>Problems\7. Strings</Filter>
    </ClCompile>
    <ClCompile Include="Problems\7_Strings\7.8_look_and_say.cpp">
      <Filter>Problems\7. Strings</Filter>
    </ClCompile>
    <ClCompile Include="Problems\7_Strings\7.10_valid_ip_address.cpp">
      <Filter>Problems\7. Strings</Filter>
    </ClCompile>
    <ClCompile Include="Problems\7_Strings\7.11_snake_string.cpp">
      <Filter>Problems\7. Strings</Filter>
    </ClCompile>
    <ClCompile Include="Problems\7_Strings\7.12_run_length_compression.cpp">
      <Filter>Problems\7. Strings</Filter>
    </ClCompile>
    <ClCompile Include="Problems\7_Strings\7.13_rabin_karp.cpp">
      <Filter>Problems\7. Strings</Filter>
    </ClCompile>
    <ClCompile Include="Solutions\7_Strings\7.2_convert_base_solution.cpp">
      <Filter>Solutions\7. Strings</Filter>
    </ClCompile>
    <ClCompile Include="Solutions\7_Strings\7.4_replace_and_remove_solution.cpp">
      <Filter>Solutions\7. Strings</Filter>
    </ClCompile>
    <ClCompile Include="Solutions\7_Strings\7.5_valid_palindrome_solution.cpp">
      <Filter>Solutions\7. Strings</Filter>
    </ClCompile>
    <ClCompile Include="Solutions\7_Strings\7.7_phone_mnemonic_solution.cpp">
      <Filter>Solutions\7. Strings</Filter>
    </ClCompile>
    <ClCompile Include="Solutions\7_Strings\7.8_look_and_say_solution.cpp">
      <Filter>Solutions\7. Strings</Filter>
    </ClCompile>
    <ClCompile Include="Solutions\7_Strings\7.10_valid_ip_address_solution.cpp">
      <Filter>Solutions\7. Strings</Filter>
    </ClCompile>
    <ClCompile Include="Solutions\7_Strings\7.11_snake_string_solution.cpp">
      <Filter>Solutions\7. Strings</Filter>
    </ClCompile>
    <ClCompile Include="Solutions\7_Strings\7.12_run_length_compression_solution.cpp">
      <Filter>Solutions\7. Strings</Filter>
    </ClCompile>
    <ClCompile Include="Solutions\7_Strings\7.13_rabin_karp_solution.cpp">
      <Filter>Solutions\7. Strings</Filter>
    </ClCompile>
    <ClCompile Include="Problems\8_LinkedLists\8.6_deletion_list.cpp">
      <Filter>Problems\8. Linked Lists</Filter>
    </ClCompile>
    <ClCompile Include="Problems\8_LinkedLists\8.8_remove_duplicates_sorted_list.cpp">
      <Filter>Problems\8. Linked Lists</Filter>
    </ClCompile>
    <ClCompile Include="Problems\8_LinkedLists\8.10_even_odd_merge_linked_list.cpp">
      <Filter>Problems\8. Linked Lists</Filter>
    </ClCompile>
    <ClCompile Include="Problems\8_LinkedLists\8.11_palindrome_linked_list.cpp">
      <Filter>Problems\8. Linked Lists</Filter>
    </ClCompile>
    <ClCompile Include="Problems\8_LinkedLists\8.12_list_pivoting.cpp">
      <Filter>Problems\8. Linked Lists</Filter>
    </ClCompile>
    <ClCompile Include="Problems\8_LinkedLists\8.13_add_two_number_list.cpp">
      <Filter>Problems\8. Linked Lists</Filter>
    </ClCompile>
    <ClCompile Include="Solutions\8_LinkedLists\8.8_remove_duplicates_sorted_list_solution.cpp">
      <Filter>Solutions\8. Linked Lists</Filter>
    </ClCompile>
    <ClCompile Include="Solutions\8_LinkedLists\8.10_even_odd_merge_linked_list_solution.cpp">
      <Filter>Solutions\8. Linked Lists</Filter>
    </ClCompile>
    <ClCompile Include="Solutions\8_LinkedLists\8.11_palindrom_linked_list_solution.cpp">
      <Filter>Solutions\8. Linked Lists</Filter>
    </ClCompile>
    <ClCompile Include="Solutions\8_LinkedLists\8.12_list_pivoting_solution.cpp">
      <Filter>Solutions\8. Linked Lists</Filter>
    </ClCompile>
    <ClCompile Include="Solutions\8_LinkedLists\8.13_add_two_numbers_list_solution.cpp">
      <Filter>Solutions\8. Linked Lists</Filter>
    </ClCompile>
    <ClCompile Include="Problems\9_StacksQueues\9.2_rpn.cpp">
      <Filter>Problems\9. Stacks and Queues</Filter>
    </ClCompile>
    <ClCompile Include="Problems\9_StacksQueues\9.3_valid_parentheses.cpp">
      <Filter>Problems\9. Stacks and Queues</Filter>
    </ClCompile>
    <ClCompile Include="Problems\16_Recursion\16.2_n_queens.cpp">
      <Filter>Problems\16. Recursion</Filter>
    </ClCompile>
    <ClCompile Include="Problems\9_StacksQueues\9.4_normalized_pathnames.cpp">
      <Filter>Problems\9. Stacks and Queues</Filter>
    </ClCompile>
    <ClCompile Include="Solutions\9_StacksQueues\9.2_rpn_solution.cpp">
      <Filter>Solutions\9. Stacks and Queues</Filter>
    </ClCompile>
    <ClCompile Include="Solutions\9_StacksQueues\9.3_valid_parentheses_solutions.cpp">
      <Filter>Solutions\9. Stacks and Queues</Filter>
    </ClCompile>
    <ClCompile Include="Solutions\9_StacksQueues\9.4_normalized_pathnames_solution.cpp">
      <Filter>Solutions\9. Stacks and Queues</Filter>
    </ClCompile>
    <ClCompile Include="Problems\9_StacksQueues\9.5_search_postings_list.cpp">
      <Filter>Problems\9. Stacks and Queues</Filter>
    </ClCompile>
    <ClCompile Include="Solutions\9_StacksQueues\9.5_search_postings_list_solution.cpp">
      <Filter>Solutions\9. Stacks and Queues</Filter>
    </ClCompile>
    <ClCompile Include="Problems\10_BinaryTrees\10.1_balanced_binary_tree.cpp">
      <Filter>Problems\10. Binary Trees</Filter>
    </ClCompile>
    <ClCompile Include="Problems\10_BinaryTrees\10.2_symmetric_binary_tree.cpp">
      <Filter>Problems\10. Binary Trees</Filter>
    </ClCompile>
    <ClCompile Include="Problems\10_BinaryTrees\10.4_lowest_common_ancestor.cpp">
      <Filter>Problems\10. Binary Trees</Filter>
    </ClCompile>
    <ClCompile Include="Problems\10_BinaryTrees\10.5_sum_root_to_leaf_binary_tree.cpp">
      <Filter>Problems\10. Binary Trees</Filter>
    </ClCompile>
    <ClCompile Include="Problems\10_BinaryTrees\10.6_path_sum_binary_tree.cpp">
      <Filter>Problems\10. Binary Trees</Filter>
    </ClCompile>
    <ClCompile Include="Problems\10_BinaryTrees\10.8_binary_tree_preorder_traversal_iterative.cpp">
      <Filter>Problems\10. Binary Trees</Filter>
    </ClCompile>
    <ClCompile Include="Problems\10_BinaryTrees\10.9_k_th_node_binary_tree.cpp">
      <Filter>Problems\10. Binary Trees</Filter>
    </ClCompile>
    <ClCompile Include="Problems\10_BinaryTrees\10.11_inorder_traversal_with_parent.cpp">
      <Filter>Problems\10. Binary Trees</Filter>
    </ClCompile>
    <ClCompile Include="Problems\10_BinaryTrees\10.12_reconstruct_binary_tree_pre_in_orders.cpp">
      <Filter>Problems\10. Binary Trees</Filter>
    </ClCompile>
    <ClCompile Include="Problems\10_BinaryTrees\10.14_connect_leaves_binary_tree.cpp">
      <Filter>Problems\10. Binary Trees</Filter>
    </ClCompile>
    <ClCompile Include="Problems\10_BinaryTrees\10.15_exterior_binary_tree.cpp">
      <Filter>Problems\10. Binary Trees</Filter>
    </ClCompile>
    <ClCompile Include="Problems\10_BinaryTrees\10.16_populating_next_right_pointers.cpp">
      <Filter>Problems\10. Binary Trees</Filter>
    </ClCompile>
    <ClCompile Include="Problems\10_BinaryTrees\10.17_binary_tree_lock.cpp">
      <Filter>Problems\10. Binary Trees</Filter>
    </ClCompile>
    <ClCompile Include="Problems\10_BinaryTrees\10.10_successor.cpp">
      <Filter>Problems\10. Binary Trees</Filter>
    </ClCompile>
    <ClCompile Include="Problems\6_Arrays\6.14_online_sampling.cpp">
      <Filter>Problems\6. Arrays</Filter>
    </ClCompile>
    <ClCompile Include="Problems\9_StacksQueues\9.8_circular_queue.cpp">
      <Filter>Problems\9. Stacks and Queues</Filter>
    </ClCompile>
    <ClCompile Include="Problems\14_Sorting\14.9_sort_list.cpp">
      <Filter>Problems\14. Sorting</Filter>
    </ClCompile>
    <ClCompile Include="Problems\19_Graphs\19.7_transform_string_to_other.cpp">
      <Filter>Problems\19. Graphs</Filter>
    </ClCompile>
    <ClCompile Include="Solutions\10_BinaryTrees\10.1_balanced_binary_tree_solution.cpp">
      <Filter>Solutions\10. Binary Trees</Filter>
    </ClCompile>
    <ClCompile Include="Solutions\10_BinaryTrees\10.2_symmetric_binary_tree_solution.cpp">
      <Filter>Solutions\10. Binary Trees</Filter>
    </ClCompile>
    <ClCompile Include="Solutions\10_BinaryTrees\10.4_lowest_common_ancestor_solution.cpp">
      <Filter>Solutions\10. Binary Trees</Filter>
    </ClCompile>
    <ClCompile Include="Solutions\10_BinaryTrees\10.5_sum_root_to_leaf_binary_tree_solution.cpp">
      <Filter>Solutions\10. Binary Trees</Filter>
    </ClCompile>
    <ClCompile Include="Solutions\10_BinaryTrees\10.6_path_sum_binary_tree_solution.cpp">
      <Filter>Solutions\10. Binary Trees</Filter>
    </ClCompile>
    <ClCompile Include="Solutions\10_BinaryTrees\10.8_binary_tree_preorder_traversal_iterative_solution.cpp">
      <Filter>Solutions\10. Binary Trees</Filter>
    </ClCompile>
    <ClCompile Include="Solutions\10_BinaryTrees\10.9_k_th_node_binary_tree_solution.cpp">
      <Filter>Solutions\10. Binary Trees</Filter>
    </ClCompile>
    <ClCompile Include="Solutions\10_BinaryTrees\10.11_10.11_inorder_traversal_with_parent_solution.cpp">
      <Filter>Solutions\10. Binary Trees</Filter>
    </ClCompile>
  </ItemGroup>
  <ItemGroup>
    <Filter Include="Solutions">
      <UniqueIdentifier>{43ebc4dc-1a68-4f79-818b-0e4a23cb58d1}</UniqueIdentifier>
    </Filter>
    <Filter Include="Problems">
      <UniqueIdentifier>{89d363d1-11a7-409f-8bf7-f66a72438d57}</UniqueIdentifier>
    </Filter>
    <Filter Include="Problems\5. Primitives">
      <UniqueIdentifier>{761bdf92-d96b-487a-8adc-7b3d5822ce5b}</UniqueIdentifier>
    </Filter>
    <Filter Include="Problems\7. Strings">
      <UniqueIdentifier>{29fcb599-9023-4a51-8780-87a5207e6d82}</UniqueIdentifier>
    </Filter>
    <Filter Include="Problems\15. Binary Search Trees">
      <UniqueIdentifier>{38f265f9-2d89-45e7-bafe-1f17de34dae1}</UniqueIdentifier>
    </Filter>
    <Filter Include="Problems\16. Recursion">
      <UniqueIdentifier>{f49e8aa1-8aaf-46bb-a818-45d83c369862}</UniqueIdentifier>
    </Filter>
    <Filter Include="Problems\17. Dynamic Programming">
      <UniqueIdentifier>{f09ac895-5a61-47f3-8a6c-ab122def7766}</UniqueIdentifier>
    </Filter>
    <Filter Include="Solutions\5. Primitives">
      <UniqueIdentifier>{cf5ae034-692d-4ef4-a94e-c91350d70095}</UniqueIdentifier>
    </Filter>
    <Filter Include="Solutions\7. Strings">
      <UniqueIdentifier>{ee57ddbd-6e13-42ba-9158-70cd07d6782f}</UniqueIdentifier>
    </Filter>
    <Filter Include="Solutions\15. Binary Search Trees">
      <UniqueIdentifier>{d7232a8c-5a83-4f8c-833a-9b6a92e59eb3}</UniqueIdentifier>
    </Filter>
    <Filter Include="Solutions\16. Recursion">
      <UniqueIdentifier>{110145f6-ddd8-41d7-a5de-dbeab8654109}</UniqueIdentifier>
    </Filter>
    <Filter Include="Solutions\17. Dynamic Programming">
      <UniqueIdentifier>{4e8f2f75-6044-4b35-a0d9-89866b4d9c8c}</UniqueIdentifier>
    </Filter>
    <Filter Include="Problems\Sorting Algorithms">
      <UniqueIdentifier>{ce4bb0a6-6d3c-47bb-9617-1fa86f8e30ff}</UniqueIdentifier>
    </Filter>
    <Filter Include="Solutions\Sorting Algorithms">
      <UniqueIdentifier>{cb114960-961f-4820-a52c-e2c140a77194}</UniqueIdentifier>
    </Filter>
    <Filter Include="Problems\18. Greedy Algorithms">
      <UniqueIdentifier>{f2ff0223-5e54-48db-ab57-fac43624e063}</UniqueIdentifier>
    </Filter>
    <Filter Include="Solutions\18. Greedy Algorithms">
      <UniqueIdentifier>{39b76806-1d88-4bd7-9f95-317b9989e214}</UniqueIdentifier>
    </Filter>
    <Filter Include="Problems\25. Honor Roll">
      <UniqueIdentifier>{8cadf2c3-3695-489c-9c50-df15c518bb55}</UniqueIdentifier>
    </Filter>
    <Filter Include="Solutions\25. Honor Roll">
      <UniqueIdentifier>{de25054c-2622-454a-863d-e0037e4d230d}</UniqueIdentifier>
    </Filter>
    <Filter Include="Problems\9. Stacks and Queues">
      <UniqueIdentifier>{53c667a5-37fc-4ec2-9be8-b85916bbb61c}</UniqueIdentifier>
    </Filter>
    <Filter Include="Solutions\9. Stacks and Queues">
      <UniqueIdentifier>{3d84c266-f527-49c7-a146-1aa5ea27fd74}</UniqueIdentifier>
    </Filter>
    <Filter Include="Problems\10. Binary Trees">
      <UniqueIdentifier>{25de452b-5d19-4075-9c5a-fb925bcca3c6}</UniqueIdentifier>
    </Filter>
    <Filter Include="Solutions\10. Binary Trees">
      <UniqueIdentifier>{e92246cc-6d75-4a21-9992-6bb0306c5905}</UniqueIdentifier>
    </Filter>
    <Filter Include="Problems\12. Searching">
      <UniqueIdentifier>{642a89a1-936d-47ad-81bd-62769f0158bf}</UniqueIdentifier>
    </Filter>
    <Filter Include="Solutions\12. Searching">
      <UniqueIdentifier>{beb28d00-1ee8-475b-85e5-03cf1ec93b36}</UniqueIdentifier>
    </Filter>
    <Filter Include="Problems\8. Linked Lists">
      <UniqueIdentifier>{118532f2-c12d-4157-9ed0-559154371396}</UniqueIdentifier>
    </Filter>
    <Filter Include="Solutions\8. Linked Lists">
      <UniqueIdentifier>{cef3f000-5aa2-4c1f-b0e3-9501a0350321}</UniqueIdentifier>
    </Filter>
    <Filter Include="Problems\14. Sorting">
      <UniqueIdentifier>{d4a1f722-cb46-4774-a45b-1f5046c7460f}</UniqueIdentifier>
    </Filter>
    <Filter Include="Solutions\14. Sorting">
      <UniqueIdentifier>{dfcecae7-cb02-4923-8060-8ffd31d1d6ee}</UniqueIdentifier>
    </Filter>
    <Filter Include="Problems\6. Arrays">
      <UniqueIdentifier>{ec090353-a2db-45a0-b4fa-e651e0436f96}</UniqueIdentifier>
    </Filter>
    <Filter Include="Solutions\6. Arrays">
      <UniqueIdentifier>{48527be7-5a90-4251-af5e-ca1606584ca0}</UniqueIdentifier>
    </Filter>
    <Filter Include="Solutions\Math">
      <UniqueIdentifier>{9f619354-dcea-49eb-8bab-04aff86ae206}</UniqueIdentifier>
    </Filter>
    <Filter Include="Problems\Math">
      <UniqueIdentifier>{cd11ba08-c43f-4e5c-b1e2-93ea72c71f5b}</UniqueIdentifier>
    </Filter>
    <Filter Include="Problems\19. Graphs">
      <UniqueIdentifier>{2e8555da-306f-48b2-9bf4-2f834c194eeb}</UniqueIdentifier>
    </Filter>
    <Filter Include="Solutions\19. Graphs">
      <UniqueIdentifier>{7900bb88-46a6-47bf-923c-757389a40144}</UniqueIdentifier>
    </Filter>
    <Filter Include="Problems\11. Heaps">
      <UniqueIdentifier>{8118bfca-cb15-4264-9969-458b6d98b1f9}</UniqueIdentifier>
    </Filter>
    <Filter Include="Problems\13. Hash Tables">
      <UniqueIdentifier>{0a60eb93-9005-412a-9788-dd4eea2bf0c0}</UniqueIdentifier>
    </Filter>
    <Filter Include="Solutions\13. Hash Tables">
      <UniqueIdentifier>{16cbae48-ec34-4645-b96f-51a7222a9704}</UniqueIdentifier>
    </Filter>
    <Filter Include="Solutions\11. Heaps">
      <UniqueIdentifier>{97645c64-f08a-4800-9cf2-afb1e216c91e}</UniqueIdentifier>
    </Filter>
    <Filter Include="Data Structures">
      <UniqueIdentifier>{2d4892fb-b655-4fa2-b1cc-ec052e2cbb70}</UniqueIdentifier>
    </Filter>
  </ItemGroup>
</Project>